
Microsoft Visual Studio Solution File, Format Version 12.00
# Visual Studio 15
VisualStudioVersion = 15.0.27130.2027
MinimumVisualStudioVersion = 10.0.40219.1
Project("{8BC9CEB8-8B4A-11D0-8D11-00A0C91BC942}") = "队列求解迷宫问题", "队列求解迷宫问题\队列求解迷宫问题.vcxproj", "{6858F71D-53B8-4EBA-9BA1-AFD34647E1FA}"
EndProject
Global
	GlobalSection(SolutionConfigurationPlatforms) = preSolution
		Debug|x64 = Debug|x64
		Debug|x86 = Debug|x86
		Release|x64 = Release|x64
		Release|x86 = Release|x86
	EndGlobalSection
	GlobalSection(ProjectConfigurationPlatforms) = postSolution
		{6858F71D-53B8-4EBA-9BA1-AFD34647E1FA}.Debug|x64.ActiveCfg = Debug|x64
		{6858F71D-53B8-4EBA-9BA1-AFD34647E1FA}.Debug|x64.Build.0 = Debug|x64
		{6858F71D-53B8-4EBA-9BA1-AFD34647E1FA}.Debug|x86.ActiveCfg = Debug|Win32
		{6858F71D-53B8-4EBA-9BA1-AFD34647E1FA}.Debug|x86.Build.0 = Debug|Win32
		{6858F71D-53B8-4EBA-9BA1-AFD34647E1FA}.Release|x64.ActiveCfg = Release|x64
		{6858F71D-53B8-4EBA-9BA1-AFD34647E1FA}.Release|x64.Build.0 = Release|x64
		{6858F71D-53B8-4EBA-9BA1-AFD34647E1FA}.Release|x86.ActiveCfg = Release|Win32
		{6858F71D-53B8-4EBA-9BA1-AFD34647E1FA}.Release|x86.Build.0 = Release|Win32
	EndGlobalSection
	GlobalSection(SolutionProperties) = preSolution
		HideSolutionNode = FALSE
	EndGlobalSection
	GlobalSection(ExtensibilityGlobals) = postSolution
		SolutionGuid = {6CD5D6F6-43EF-49A6-8F39-E1A1E67BDC20}
	EndGlobalSection
EndGlobal
